
Microsoft Visual Studio Solution File, Format Version 12.00
# Visual Studio Version 17
VisualStudioVersion = 17.0.32126.317
MinimumVisualStudioVersion = 10.0.40219.1
Project("{FAE04EC0-301F-11D3-BF4B-00C04F79EFBC}") = "AdminPanel.Web", "AdminPanel.Web\AdminPanel.Web.csproj", "{8EE15749-C5B1-46E6-8D40-4A8EEE8D1D8D}"
EndProject
Project("{FAE04EC0-301F-11D3-BF4B-00C04F79EFBC}") = "AdminPanel.Data", "AdminPanel.Data\AdminPanel.Data.csproj", "{5F6353D0-3940-4875-A9C5-D834F9DCB447}"
EndProject
Project("{FAE04EC0-301F-11D3-BF4B-00C04F79EFBC}") = "AdminPanel.Abstractions", "AdminPanel.Abstractions\AdminPanel.Abstractions.csproj", "{220ACB51-4901-42A8-B78D-5D2A0BE98A02}"
EndProject
Project("{FAE04EC0-301F-11D3-BF4B-00C04F79EFBC}") = "AdminPanel.Business", "AdminPanel.Business\AdminPanel.Business.csproj", "{21B78621-45C8-4C9E-9671-4CD08D603620}"
EndProject
Global
	GlobalSection(SolutionConfigurationPlatforms) = preSolution
		Debug|Any CPU = Debug|Any CPU
		Release|Any CPU = Release|Any CPU
	EndGlobalSection
	GlobalSection(ProjectConfigurationPlatforms) = postSolution
		{8EE15749-C5B1-46E6-8D40-4A8EEE8D1D8D}.Debug|Any CPU.ActiveCfg = Debug|Any CPU
		{8EE15749-C5B1-46E6-8D40-4A8EEE8D1D8D}.Debug|Any CPU.Build.0 = Debug|Any CPU
		{8EE15749-C5B1-46E6-8D40-4A8EEE8D1D8D}.Release|Any CPU.ActiveCfg = Release|Any CPU
		{8EE15749-C5B1-46E6-8D40-4A8EEE8D1D8D}.Release|Any CPU.Build.0 = Release|Any CPU
		{5F6353D0-3940-4875-A9C5-D834F9DCB447}.Debug|Any CPU.ActiveCfg = Debug|Any CPU
		{5F6353D0-3940-4875-A9C5-D834F9DCB447}.Debug|Any CPU.Build.0 = Debug|Any CPU
		{5F6353D0-3940-4875-A9C5-D834F9DCB447}.Release|Any CPU.ActiveCfg = Release|Any CPU
		{5F6353D0-3940-4875-A9C5-D834F9DCB447}.Release|Any CPU.Build.0 = Release|Any CPU
		{220ACB51-4901-42A8-B78D-5D2A0BE98A02}.Debug|Any CPU.ActiveCfg = Debug|Any CPU
		{220ACB51-4901-42A8-B78D-5D2A0BE98A02}.Debug|Any CPU.Build.0 = Debug|Any CPU
		{220ACB51-4901-42A8-B78D-5D2A0BE98A02}.Release|Any CPU.ActiveCfg = Release|Any CPU
		{220ACB51-4901-42A8-B78D-5D2A0BE98A02}.Release|Any CPU.Build.0 = Release|Any CPU
		{21B78621-45C8-4C9E-9671-4CD08D603620}.Debug|Any CPU.ActiveCfg = Debug|Any CPU
		{21B78621-45C8-4C9E-9671-4CD08D603620}.Debug|Any CPU.Build.0 = Debug|Any CPU
		{21B78621-45C8-4C9E-9671-4CD08D603620}.Release|Any CPU.ActiveCfg = Release|Any CPU
		{21B78621-45C8-4C9E-9671-4CD08D603620}.Release|Any CPU.Build.0 = Release|Any CPU
	EndGlobalSection
	GlobalSection(SolutionProperties) = preSolution
		HideSolutionNode = FALSE
	EndGlobalSection
	GlobalSection(ExtensibilityGlobals) = postSolution
		SolutionGuid = {819ADB04-B757-4A9F-B4CF-43E855F21D3E}
	EndGlobalSection
EndGlobal
